
Microsoft Visual Studio Solution File, Format Version 12.00
# Visual Studio Version 17
VisualStudioVersion = 17.8.34330.188
MinimumVisualStudioVersion = 10.0.40219.1
Project("{9A19103F-16F7-4668-BE54-9A1E7A4F7556}") = "modul_2_lekcja_4", "modul_2_lekcja_4\modul_2_lekcja_4.csproj", "{6CF73626-7026-4E3B-88C3-863909DEC132}"
EndProject
Project("{9A19103F-16F7-4668-BE54-9A1E7A4F7556}") = "modul_2_lekcja_7", "modul_2_lekcja_7\modul_2_lekcja_7.csproj", "{DAC57036-EE4B-4399-9A6E-9B5BDE3966A6}"
EndProject
Project("{FAE04EC0-301F-11D3-BF4B-00C04F79EFBC}") = "modul_2_lekcja_8", "modul_2_lekcja_8\modul_2_lekcja_8.csproj", "{F6A1D232-D01B-4D07-9E34-F4996256FF57}"
EndProject
Global
	GlobalSection(SolutionConfigurationPlatforms) = preSolution
		Debug|Any CPU = Debug|Any CPU
		Release|Any CPU = Release|Any CPU
	EndGlobalSection
	GlobalSection(ProjectConfigurationPlatforms) = postSolution
		{6CF73626-7026-4E3B-88C3-863909DEC132}.Debug|Any CPU.ActiveCfg = Debug|Any CPU
		{6CF73626-7026-4E3B-88C3-863909DEC132}.Debug|Any CPU.Build.0 = Debug|Any CPU
		{6CF73626-7026-4E3B-88C3-863909DEC132}.Release|Any CPU.ActiveCfg = Release|Any CPU
		{6CF73626-7026-4E3B-88C3-863909DEC132}.Release|Any CPU.Build.0 = Release|Any CPU
		{DAC57036-EE4B-4399-9A6E-9B5BDE3966A6}.Debug|Any CPU.ActiveCfg = Debug|Any CPU
		{DAC57036-EE4B-4399-9A6E-9B5BDE3966A6}.Debug|Any CPU.Build.0 = Debug|Any CPU
		{DAC57036-EE4B-4399-9A6E-9B5BDE3966A6}.Release|Any CPU.ActiveCfg = Release|Any CPU
		{DAC57036-EE4B-4399-9A6E-9B5BDE3966A6}.Release|Any CPU.Build.0 = Release|Any CPU
		{F6A1D232-D01B-4D07-9E34-F4996256FF57}.Debug|Any CPU.ActiveCfg = Debug|Any CPU
		{F6A1D232-D01B-4D07-9E34-F4996256FF57}.Debug|Any CPU.Build.0 = Debug|Any CPU
		{F6A1D232-D01B-4D07-9E34-F4996256FF57}.Release|Any CPU.ActiveCfg = Release|Any CPU
		{F6A1D232-D01B-4D07-9E34-F4996256FF57}.Release|Any CPU.Build.0 = Release|Any CPU
	EndGlobalSection
	GlobalSection(SolutionProperties) = preSolution
		HideSolutionNode = FALSE
	EndGlobalSection
	GlobalSection(ExtensibilityGlobals) = postSolution
		SolutionGuid = {5738DECB-3751-47D0-B4A6-E938B54F15CC}
	EndGlobalSection
EndGlobal
